
Microsoft Visual Studio Solution File, Format Version 12.00
# Visual Studio Version 16
VisualStudioVersion = 16.0.32106.194
MinimumVisualStudioVersion = 10.0.40219.1
Project("{FAE04EC0-301F-11D3-BF4B-00C04F79EFBC}") = "MyMmo.Server", "MyMmo.Server\MyMmo.Server.csproj", "{F1CA02EC-B01A-48BA-A227-41161F198C6E}"
EndProject
Project("{FAE04EC0-301F-11D3-BF4B-00C04F79EFBC}") = "MyMmo.Playground", "MyMmo.Playground\MyMmo.Playground.csproj", "{F67180AF-B8DB-45DE-A3D0-E462189EEE1B}"
EndProject
Project("{FAE04EC0-301F-11D3-BF4B-00C04F79EFBC}") = "MyMmo.Commons", "MyMmo.Commons\MyMmo.Commons.csproj", "{06BB62B2-9FE5-4EB6-A5A0-9C36120E50E3}"
EndProject
Project("{FAE04EC0-301F-11D3-BF4B-00C04F79EFBC}") = "MyMmo.ClientDotNet", "MyMmo.ClientDotNet\MyMmo.ClientDotNet.csproj", "{4840EA77-EFD1-4FAB-859E-2DAED197A134}"
EndProject
Project("{FAE04EC0-301F-11D3-BF4B-00C04F79EFBC}") = "MyMmo.ConsolePlayTest", "MyMmo.ConsolePlayTest\MyMmo.ConsolePlayTest.csproj", "{0A448975-766A-4609-9C63-F4888139FB29}"
EndProject
Project("{FAE04EC0-301F-11D3-BF4B-00C04F79EFBC}") = "MyMmo.ClientUnity3D", "MyMmo.ClientUnity3D\MyMmo.ClientUnity3D.csproj", "{4886792F-2A33-4293-8E7C-5CAEA5FD86BE}"
EndProject
Project("{FAE04EC0-301F-11D3-BF4B-00C04F79EFBC}") = "MyMmo.Commons.Test", "MyMmo.Commons.Test\MyMmo.Commons.Test.csproj", "{02A58F33-955D-49E0-B1BB-99A2F3E97648}"
EndProject
Project("{FAE04EC0-301F-11D3-BF4B-00C04F79EFBC}") = "MyMmo.Server.Test", "MyMmo.Server.Test\MyMmo.Server.Test.csproj", "{E654D62A-6668-491A-A5AA-435FF337363C}"
EndProject
Project("{FAE04EC0-301F-11D3-BF4B-00C04F79EFBC}") = "MyMmo.Processing", "MyMmo.Processing\MyMmo.Processing.csproj", "{B953B762-1119-43AC-823D-408319F14D21}"
EndProject
Project("{2150E333-8FDC-42A3-9474-1A3956D46DE8}") = "Tests", "Tests", "{B90FA5FB-4DB9-43B3-8EB9-CEBB03058EA2}"
EndProject
Project("{2150E333-8FDC-42A3-9474-1A3956D46DE8}") = "Dev", "Dev", "{9174C1F4-2577-401E-B3AE-1CF19E139544}"
EndProject
Global
	GlobalSection(SolutionConfigurationPlatforms) = preSolution
		Debug|Any CPU = Debug|Any CPU
		Release|Any CPU = Release|Any CPU
	EndGlobalSection
	GlobalSection(ProjectConfigurationPlatforms) = postSolution
		{F1CA02EC-B01A-48BA-A227-41161F198C6E}.Debug|Any CPU.ActiveCfg = Debug|Any CPU
		{F1CA02EC-B01A-48BA-A227-41161F198C6E}.Debug|Any CPU.Build.0 = Debug|Any CPU
		{F1CA02EC-B01A-48BA-A227-41161F198C6E}.Release|Any CPU.ActiveCfg = Release|Any CPU
		{F1CA02EC-B01A-48BA-A227-41161F198C6E}.Release|Any CPU.Build.0 = Release|Any CPU
		{F67180AF-B8DB-45DE-A3D0-E462189EEE1B}.Debug|Any CPU.ActiveCfg = Debug|Any CPU
		{F67180AF-B8DB-45DE-A3D0-E462189EEE1B}.Debug|Any CPU.Build.0 = Debug|Any CPU
		{F67180AF-B8DB-45DE-A3D0-E462189EEE1B}.Release|Any CPU.ActiveCfg = Release|Any CPU
		{F67180AF-B8DB-45DE-A3D0-E462189EEE1B}.Release|Any CPU.Build.0 = Release|Any CPU
		{06BB62B2-9FE5-4EB6-A5A0-9C36120E50E3}.Debug|Any CPU.ActiveCfg = Debug|Any CPU
		{06BB62B2-9FE5-4EB6-A5A0-9C36120E50E3}.Debug|Any CPU.Build.0 = Debug|Any CPU
		{06BB62B2-9FE5-4EB6-A5A0-9C36120E50E3}.Release|Any CPU.ActiveCfg = Release|Any CPU
		{06BB62B2-9FE5-4EB6-A5A0-9C36120E50E3}.Release|Any CPU.Build.0 = Release|Any CPU
		{4840EA77-EFD1-4FAB-859E-2DAED197A134}.Debug|Any CPU.ActiveCfg = Debug|Any CPU
		{4840EA77-EFD1-4FAB-859E-2DAED197A134}.Debug|Any CPU.Build.0 = Debug|Any CPU
		{4840EA77-EFD1-4FAB-859E-2DAED197A134}.Release|Any CPU.ActiveCfg = Release|Any CPU
		{4840EA77-EFD1-4FAB-859E-2DAED197A134}.Release|Any CPU.Build.0 = Release|Any CPU
		{0A448975-766A-4609-9C63-F4888139FB29}.Debug|Any CPU.ActiveCfg = Debug|Any CPU
		{0A448975-766A-4609-9C63-F4888139FB29}.Debug|Any CPU.Build.0 = Debug|Any CPU
		{0A448975-766A-4609-9C63-F4888139FB29}.Release|Any CPU.ActiveCfg = Release|Any CPU
		{0A448975-766A-4609-9C63-F4888139FB29}.Release|Any CPU.Build.0 = Release|Any CPU
		{4886792F-2A33-4293-8E7C-5CAEA5FD86BE}.Debug|Any CPU.ActiveCfg = Debug|Any CPU
		{4886792F-2A33-4293-8E7C-5CAEA5FD86BE}.Debug|Any CPU.Build.0 = Debug|Any CPU
		{4886792F-2A33-4293-8E7C-5CAEA5FD86BE}.Release|Any CPU.ActiveCfg = Release|Any CPU
		{4886792F-2A33-4293-8E7C-5CAEA5FD86BE}.Release|Any CPU.Build.0 = Release|Any CPU
		{02A58F33-955D-49E0-B1BB-99A2F3E97648}.Debug|Any CPU.ActiveCfg = Debug|Any CPU
		{02A58F33-955D-49E0-B1BB-99A2F3E97648}.Debug|Any CPU.Build.0 = Debug|Any CPU
		{02A58F33-955D-49E0-B1BB-99A2F3E97648}.Release|Any CPU.ActiveCfg = Release|Any CPU
		{02A58F33-955D-49E0-B1BB-99A2F3E97648}.Release|Any CPU.Build.0 = Release|Any CPU
		{E654D62A-6668-491A-A5AA-435FF337363C}.Debug|Any CPU.ActiveCfg = Debug|Any CPU
		{E654D62A-6668-491A-A5AA-435FF337363C}.Debug|Any CPU.Build.0 = Debug|Any CPU
		{E654D62A-6668-491A-A5AA-435FF337363C}.Release|Any CPU.ActiveCfg = Release|Any CPU
		{E654D62A-6668-491A-A5AA-435FF337363C}.Release|Any CPU.Build.0 = Release|Any CPU
		{B953B762-1119-43AC-823D-408319F14D21}.Debug|Any CPU.ActiveCfg = Debug|Any CPU
		{B953B762-1119-43AC-823D-408319F14D21}.Debug|Any CPU.Build.0 = Debug|Any CPU
		{B953B762-1119-43AC-823D-408319F14D21}.Release|Any CPU.ActiveCfg = Release|Any CPU
		{B953B762-1119-43AC-823D-408319F14D21}.Release|Any CPU.Build.0 = Release|Any CPU
	EndGlobalSection
	GlobalSection(SolutionProperties) = preSolution
		HideSolutionNode = FALSE
	EndGlobalSection
	GlobalSection(ExtensibilityGlobals) = postSolution
		SolutionGuid = {376F40E1-511E-451C-B0B8-E288A4569DC7}
	EndGlobalSection
	GlobalSection(NestedProjects) = preSolution
		{E654D62A-6668-491A-A5AA-435FF337363C} = {B90FA5FB-4DB9-43B3-8EB9-CEBB03058EA2}
		{02A58F33-955D-49E0-B1BB-99A2F3E97648} = {B90FA5FB-4DB9-43B3-8EB9-CEBB03058EA2}
		{0A448975-766A-4609-9C63-F4888139FB29} = {9174C1F4-2577-401E-B3AE-1CF19E139544}
	EndGlobalSection
EndGlobal
